
Microsoft Visual Studio Solution File, Format Version 12.00
# Visual Studio Version 17
VisualStudioVersion = 17.2.32210.308
MinimumVisualStudioVersion = 10.0.40219.1
Project("{9A19103F-16F7-4668-BE54-9A1E7A4F7556}") = "ReplacWords.Lib", "ReplacWords.Lib\ReplacWords.Lib.csproj", "{3C316231-3B47-4743-9508-058F9B03C3F8}"
EndProject
Project("{FAE04EC0-301F-11D3-BF4B-00C04F79EFBC}") = "TestProjectReplace", "TestProjectReplace\TestProjectReplace.csproj", "{3E6C5AF0-3392-49B4-AF9D-EF6704203F11}"
EndProject
Global
	GlobalSection(SolutionConfigurationPlatforms) = preSolution
		Debug|Any CPU = Debug|Any CPU
		Release|Any CPU = Release|Any CPU
	EndGlobalSection
	GlobalSection(ProjectConfigurationPlatforms) = postSolution
		{3C316231-3B47-4743-9508-058F9B03C3F8}.Debug|Any CPU.ActiveCfg = Debug|Any CPU
		{3C316231-3B47-4743-9508-058F9B03C3F8}.Debug|Any CPU.Build.0 = Debug|Any CPU
		{3C316231-3B47-4743-9508-058F9B03C3F8}.Release|Any CPU.ActiveCfg = Release|Any CPU
		{3C316231-3B47-4743-9508-058F9B03C3F8}.Release|Any CPU.Build.0 = Release|Any CPU
		{3E6C5AF0-3392-49B4-AF9D-EF6704203F11}.Debug|Any CPU.ActiveCfg = Debug|Any CPU
		{3E6C5AF0-3392-49B4-AF9D-EF6704203F11}.Debug|Any CPU.Build.0 = Debug|Any CPU
		{3E6C5AF0-3392-49B4-AF9D-EF6704203F11}.Release|Any CPU.ActiveCfg = Release|Any CPU
		{3E6C5AF0-3392-49B4-AF9D-EF6704203F11}.Release|Any CPU.Build.0 = Release|Any CPU
	EndGlobalSection
	GlobalSection(SolutionProperties) = preSolution
		HideSolutionNode = FALSE
	EndGlobalSection
	GlobalSection(ExtensibilityGlobals) = postSolution
		SolutionGuid = {E360D482-ACE6-499F-B5D5-250032DF845F}
	EndGlobalSection
EndGlobal
